
Microsoft Visual Studio Solution File, Format Version 12.00
# Visual Studio Version 16
VisualStudioVersion = 16.0.30523.141
MinimumVisualStudioVersion = 10.0.40219.1
Project("{FAE04EC0-301F-11D3-BF4B-00C04F79EFBC}") = "NHLTeams", "NHLTeams.csproj", "{B612FBC6-D128-43D8-A446-100FBA6334EA}"
EndProject
Global
	GlobalSection(SolutionConfigurationPlatforms) = preSolution
		Debug|Any CPU = Debug|Any CPU
		Release|Any CPU = Release|Any CPU
	EndGlobalSection
	GlobalSection(ProjectConfigurationPlatforms) = postSolution
		{B612FBC6-D128-43D8-A446-100FBA6334EA}.Debug|Any CPU.ActiveCfg = Debug|Any CPU
		{B612FBC6-D128-43D8-A446-100FBA6334EA}.Debug|Any CPU.Build.0 = Debug|Any CPU
		{B612FBC6-D128-43D8-A446-100FBA6334EA}.Release|Any CPU.ActiveCfg = Release|Any CPU
		{B612FBC6-D128-43D8-A446-100FBA6334EA}.Release|Any CPU.Build.0 = Release|Any CPU
	EndGlobalSection
	GlobalSection(SolutionProperties) = preSolution
		HideSolutionNode = FALSE
	EndGlobalSection
	GlobalSection(ExtensibilityGlobals) = postSolution
		SolutionGuid = {3DFF7AFF-EFCE-4439-8177-E6E177A1998E}
	EndGlobalSection
EndGlobal
